
Microsoft Visual Studio Solution File, Format Version 12.00
# Visual Studio Version 16
VisualStudioVersion = 16.0.31729.503
MinimumVisualStudioVersion = 10.0.40219.1
Project("{FAE04EC0-301F-11D3-BF4B-00C04F79EFBC}") = "WeatherApp", "WeatherApp\WeatherApp.csproj", "{5DF6DE10-D703-42EA-8C96-71CE2A364EDA}"
EndProject
Global
	GlobalSection(SolutionConfigurationPlatforms) = preSolution
		Debug|Any CPU = Debug|Any CPU
		Release|Any CPU = Release|Any CPU
	EndGlobalSection
	GlobalSection(ProjectConfigurationPlatforms) = postSolution
		{5DF6DE10-D703-42EA-8C96-71CE2A364EDA}.Debug|Any CPU.ActiveCfg = Debug|Any CPU
		{5DF6DE10-D703-42EA-8C96-71CE2A364EDA}.Debug|Any CPU.Build.0 = Debug|Any CPU
		{5DF6DE10-D703-42EA-8C96-71CE2A364EDA}.Release|Any CPU.ActiveCfg = Release|Any CPU
		{5DF6DE10-D703-42EA-8C96-71CE2A364EDA}.Release|Any CPU.Build.0 = Release|Any CPU
	EndGlobalSection
	GlobalSection(SolutionProperties) = preSolution
		HideSolutionNode = FALSE
	EndGlobalSection
	GlobalSection(ExtensibilityGlobals) = postSolution
		SolutionGuid = {D49DC17E-C2F9-4241-820D-105050619FC1}
	EndGlobalSection
EndGlobal
